
Microsoft Visual Studio Solution File, Format Version 12.00
# Visual Studio 15
VisualStudioVersion = 15.0.28307.329
MinimumVisualStudioVersion = 10.0.40219.1
Project("{FAE04EC0-301F-11D3-BF4B-00C04F79EFBC}") = "Selenium", "Selenium\Selenium.csproj", "{2835104A-1286-4897-A747-3677EC92B250}"
EndProject
Global
	GlobalSection(SolutionConfigurationPlatforms) = preSolution
		Debug|Any CPU = Debug|Any CPU
		Release|Any CPU = Release|Any CPU
	EndGlobalSection
	GlobalSection(ProjectConfigurationPlatforms) = postSolution
		{2835104A-1286-4897-A747-3677EC92B250}.Debug|Any CPU.ActiveCfg = Debug|Any CPU
		{2835104A-1286-4897-A747-3677EC92B250}.Debug|Any CPU.Build.0 = Debug|Any CPU
		{2835104A-1286-4897-A747-3677EC92B250}.Release|Any CPU.ActiveCfg = Release|Any CPU
		{2835104A-1286-4897-A747-3677EC92B250}.Release|Any CPU.Build.0 = Release|Any CPU
	EndGlobalSection
	GlobalSection(SolutionProperties) = preSolution
		HideSolutionNode = FALSE
	EndGlobalSection
	GlobalSection(ExtensibilityGlobals) = postSolution
		SolutionGuid = {51F569E2-BA81-422E-96D6-8080274188DD}
	EndGlobalSection
EndGlobal
